{
  "version": 4,
  "terraform_version": "1.9.5",
  "serial": 33,
  "lineage": "7a834f11-8a70-daec-ade9-d4a9ff1bac22",
  "outputs": {
    "instance_ocid": {
      "value": "ocid1.instance.oc1.us-sanjose-1.anzwuljrovun6tycaspr3rsxivffm4yeperkaoqwyyxuorhmyqzkcs4kq2kq",
      "type": "string"
    },
    "network_ids": {
      "value": {
        "internet_gateway": "ocid1.internetgateway.oc1.us-sanjose-1.aaaaaaaahtrnguikhssyaaefhb2yv47cci53nuif6cdf6irlbzvtqokvbwba",
        "route_table": "ocid1.routetable.oc1.us-sanjose-1.aaaaaaaaph5ntlbldbx2ecyyzfdesjiolsq6qsrzyrssrrd5qokm75d75fhq",
        "security_list": "ocid1.securitylist.oc1.us-sanjose-1.aaaaaaaau7mdopeoe7n4jg4bhxvae4ef2mgcqnssra6yskckqiqiro4e5xia",
        "subnet": "ocid1.subnet.oc1.us-sanjose-1.aaaaaaaase6zzb3cevrdddq7jwfv4mcqpzhcoaycrsm2fdchuhv2d7tvhkea",
        "vcn": "ocid1.vcn.oc1.us-sanjose-1.amaaaaaaovun6tyavakuz7tzuhuysks4ydglv7rrwgsjanh7exwypg7tyxya"
      },
      "type": [
        "object",
        {
          "internet_gateway": "string",
          "route_table": "string",
          "security_list": "string",
          "subnet": "string",
          "vcn": "string"
        }
      ]
    },
    "public_ip": {
      "value": "167.234.221.223",
      "type": "string"
    },
    "ssh_command": {
      "value": "ssh opc@167.234.221.223",
      "type": "string"
    },
    "traefik_dashboard_url": {
      "value": "https://traefik.alcines.com",
      "type": "string"
    },
    "website_urls": {
      "value": {
        "alcines": "https://alcines.com",
        "bellahburger": "https://bellahburger.com",
        "desirsolutions": "https://desirsolutions.com"
      },
      "type": [
        "object",
        {
          "alcines": "string",
          "bellahburger": "string",
          "desirsolutions": "string"
        }
      ]
    }
  },
  "resources": [
    {
      "mode": "data",
      "type": "oci_core_images",
      "name": "oracle_linux_9",
      "provider": "provider[\"registry.terraform.io/oracle/oci\"]",
      "instances": [
        {
          "schema_version": 0,
          "attributes": {
            "compartment_id": "ocid1.tenancy.oc1..aaaaaaaas2bpuzbaz7rkzjvt2vanbieo4vvjqzbkx3grn2ckoz652gjzdguq",
            "display_name": null,
            "filter": null,
            "id": "CoreImagesDataSource-692048686",
            "images": [
              {
                "agent_features": [],
                "base_image_id": "",
                "billable_size_in_gbs": "6",
                "compartment_id": "",
                "create_image_allowed": true,
                "defined_tags": {},
                "display_name": "Oracle-Linux-9.7-2026.02.28-0",
                "freeform_tags": {},
                "id": "ocid1.image.oc1.us-sanjose-1.aaaaaaaadoinvlvupq5yn3xstr6szcauoq5el554hid446dxyx3rlfdai53q",
                "image_source_details": [],
                "instance_id": "",
                "launch_mode": "NATIVE",
                "launch_options": [
                  {
                    "boot_volume_type": "PARAVIRTUALIZED",
                    "firmware": "UEFI_64",
                    "is_consistent_volume_naming_enabled": true,
                    "is_pv_encryption_in_transit_enabled": true,
                    "network_type": "PARAVIRTUALIZED",
                    "remote_data_volume_type": "PARAVIRTUALIZED"
                  }
                ],
                "listing_type": "",
                "operating_system": "Oracle Linux",
                "operating_system_version": "9",
                "size_in_mbs": "47719",
                "state": "AVAILABLE",
                "time_created": "2026-03-04 21:57:58.365 +0000 UTC"
              },
              {
                "agent_features": [],
                "base_image_id": "",
                "billable_size_in_gbs": "5",
                "compartment_id": "",
                "create_image_allowed": true,
                "defined_tags": {},
                "display_name": "Oracle-Linux-9.7-2026.01.29-0",
                "freeform_tags": {},
                "id": "ocid1.image.oc1.us-sanjose-1.aaaaaaaagioxnggdekeshoyo2z2g2bpfdemoxtoajxqifyd7yd62auyif25a",
                "image_source_details": [],
                "instance_id": "",
                "launch_mode": "NATIVE",
                "launch_options": [
                  {
                    "boot_volume_type": "PARAVIRTUALIZED",
                    "firmware": "UEFI_64",
                    "is_consistent_volume_naming_enabled": true,
                    "is_pv_encryption_in_transit_enabled": true,
                    "network_type": "PARAVIRTUALIZED",
                    "remote_data_volume_type": "PARAVIRTUALIZED"
                  }
                ],
                "listing_type": "",
                "operating_system": "Oracle Linux",
                "operating_system_version": "9",
                "size_in_mbs": "47719",
                "state": "AVAILABLE",
                "time_created": "2026-02-06 03:34:21.689 +0000 UTC"
              },
              {
                "agent_features": [],
                "base_image_id": "",
                "billable_size_in_gbs": "5",
                "compartment_id": "",
                "create_image_allowed": true,
                "defined_tags": {},
                "display_name": "Oracle-Linux-9.6-2025.11.20-0",
                "freeform_tags": {},
                "id": "ocid1.image.oc1.us-sanjose-1.aaaaaaaa7ahfio2j4qy5eogpwngmntrpedftsbaw7valahaq64pn6xjafvuq",
                "image_source_details": [],
                "instance_id": "",
                "launch_mode": "NATIVE",
                "launch_options": [
                  {
                    "boot_volume_type": "PARAVIRTUALIZED",
                    "firmware": "UEFI_64",
                    "is_consistent_volume_naming_enabled": true,
                    "is_pv_encryption_in_transit_enabled": true,
                    "network_type": "PARAVIRTUALIZED",
                    "remote_data_volume_type": "PARAVIRTUALIZED"
                  }
                ],
                "listing_type": "",
                "operating_system": "Oracle Linux",
                "operating_system_version": "9",
                "size_in_mbs": "47719",
                "state": "AVAILABLE",
                "time_created": "2025-12-08 06:53:53.184 +0000 UTC"
              }
            ],
            "operating_system": "Oracle Linux",
            "operating_system_version": "9",
            "shape": "VM.Standard.E2.1.Micro",
            "sort_by": null,
            "sort_order": null,
            "state": null
          },
          "sensitive_attributes": []
        }
      ]
    },
    {
      "mode": "data",
      "type": "oci_core_vnic",
      "name": "primary",
      "provider": "provider[\"registry.terraform.io/oracle/oci\"]",
      "instances": [
        {
          "schema_version": 0,
          "attributes": {
            "availability_domain": "eqAH:US-SANJOSE-1-AD-1",
            "compartment_id": "ocid1.tenancy.oc1..aaaaaaaas2bpuzbaz7rkzjvt2vanbieo4vvjqzbkx3grn2ckoz652gjzdguq",
            "defined_tags": {},
            "display_name": "consulting-mini-cloud-primary-vnic",
            "freeform_tags": {
              "managed-by": "terraform",
              "project": "consulting-mini-cloud"
            },
            "hostname_label": "consultvm",
            "id": "ocid1.vnic.oc1.us-sanjose-1.abzwuljrylka73jlngwgml5mjjp7j5ff2jpqxjgultvhhy2g45arqfvrk3ta",
            "ipv6addresses": [],
            "is_primary": true,
            "mac_address": "02:00:17:03:34:FF",
            "nsg_ids": [],
            "private_ip_address": "10.0.1.135",
            "public_ip_address": "167.234.221.223",
            "route_table_id": null,
            "security_attributes": {},
            "skip_source_dest_check": false,
            "state": "AVAILABLE",
            "subnet_id": "ocid1.subnet.oc1.us-sanjose-1.aaaaaaaase6zzb3cevrdddq7jwfv4mcqpzhcoaycrsm2fdchuhv2d7tvhkea",
            "time_created": "2026-03-10 03:58:21.643 +0000 UTC",
            "vlan_id": null,
            "vnic_id": "ocid1.vnic.oc1.us-sanjose-1.abzwuljrylka73jlngwgml5mjjp7j5ff2jpqxjgultvhhy2g45arqfvrk3ta"
          },
          "sensitive_attributes": []
        }
      ]
    },
    {
      "mode": "data",
      "type": "oci_core_vnic_attachments",
      "name": "primary",
      "provider": "provider[\"registry.terraform.io/oracle/oci\"]",
      "instances": [
        {
          "schema_version": 0,
          "attributes": {
            "availability_domain": null,
            "compartment_id": "ocid1.tenancy.oc1..aaaaaaaas2bpuzbaz7rkzjvt2vanbieo4vvjqzbkx3grn2ckoz652gjzdguq",
            "filter": null,
            "id": "CoreVnicAttachmentsDataSource-2526932991",
            "instance_id": "ocid1.instance.oc1.us-sanjose-1.anzwuljrovun6tycaspr3rsxivffm4yeperkaoqwyyxuorhmyqzkcs4kq2kq",
            "vnic_attachments": [
              {
                "availability_domain": "eqAH:US-SANJOSE-1-AD-1",
                "compartment_id": "ocid1.tenancy.oc1..aaaaaaaas2bpuzbaz7rkzjvt2vanbieo4vvjqzbkx3grn2ckoz652gjzdguq",
                "create_vnic_details": [],
                "display_name": "",
                "id": "ocid1.vnicattachment.oc1.us-sanjose-1.anzwuljrovun6tycdgimt5jsc2depwsqdq6bscrar236whr7pdkiib7sohjq",
                "instance_id": "ocid1.instance.oc1.us-sanjose-1.anzwuljrovun6tycaspr3rsxivffm4yeperkaoqwyyxuorhmyqzkcs4kq2kq",
                "nic_index": 0,
                "state": "ATTACHED",
                "subnet_id": "ocid1.subnet.oc1.us-sanjose-1.aaaaaaaase6zzb3cevrdddq7jwfv4mcqpzhcoaycrsm2fdchuhv2d7tvhkea",
                "time_created": "2026-03-10 03:58:22.872 +0000 UTC",
                "vlan_id": "",
                "vlan_tag": 2313,
                "vnic_id": "ocid1.vnic.oc1.us-sanjose-1.abzwuljrylka73jlngwgml5mjjp7j5ff2jpqxjgultvhhy2g45arqfvrk3ta"
              }
            ],
            "vnic_id": null
          },
          "sensitive_attributes": []
        }
      ]
    },
    {
      "mode": "data",
      "type": "oci_identity_availability_domains",
      "name": "ads",
      "provider": "provider[\"registry.terraform.io/oracle/oci\"]",
      "instances": [
        {
          "schema_version": 0,
          "attributes": {
            "availability_domains": [
              {
                "compartment_id": "ocid1.tenancy.oc1..aaaaaaaas2bpuzbaz7rkzjvt2vanbieo4vvjqzbkx3grn2ckoz652gjzdguq",
                "id": "ocid1.availabilitydomain.oc1..aaaaaaaavi2wyd6rjjffu5nzgb3gjq4thy46k7sgw5ibh7mu5sq5fyie6t5a",
                "name": "eqAH:US-SANJOSE-1-AD-1"
              }
            ],
            "compartment_id": "ocid1.tenancy.oc1..aaaaaaaas2bpuzbaz7rkzjvt2vanbieo4vvjqzbkx3grn2ckoz652gjzdguq",
            "filter": null,
            "id": "IdentityAvailabilityDomainsDataSource-3238347752"
          },
          "sensitive_attributes": []
        }
      ]
    },
    {
      "mode": "managed",
      "type": "oci_core_instance",
      "name": "platform",
      "provider": "provider[\"registry.terraform.io/oracle/oci\"]",
      "instances": [
        {
          "index_key": 0,
          "schema_version": 0,
          "attributes": {
            "agent_config": [
              {
                "are_all_plugins_disabled": false,
                "is_management_disabled": false,
                "is_monitoring_disabled": false,
                "plugins_config": []
              }
            ],
            "async": null,
            "availability_config": [
              {
                "is_live_migration_preferred": false,
                "recovery_action": "RESTORE_INSTANCE"
              }
            ],
            "availability_domain": "eqAH:US-SANJOSE-1-AD-1",
            "boot_volume_id": "ocid1.bootvolume.oc1.us-sanjose-1.abzwuljrnuw4jhtpknac4tf6smje2xgmfiqtncobxlpb53itvtmtu3eugqma",
            "capacity_reservation_id": null,
            "cluster_placement_group_id": null,
            "compartment_id": "ocid1.tenancy.oc1..aaaaaaaas2bpuzbaz7rkzjvt2vanbieo4vvjqzbkx3grn2ckoz652gjzdguq",
            "compute_cluster_id": null,
            "create_vnic_details": [
              {
                "assign_ipv6ip": false,
                "assign_private_dns_record": false,
                "assign_public_ip": "true",
                "defined_tags": {},
                "display_name": "consulting-mini-cloud-primary-vnic",
                "freeform_tags": {
                  "managed-by": "terraform",
                  "project": "consulting-mini-cloud"
                },
                "hostname_label": "consultvm",
                "ipv6address_ipv6subnet_cidr_pair_details": [],
                "nsg_ids": [],
                "private_ip": "10.0.1.135",
                "security_attributes": {},
                "skip_source_dest_check": false,
                "subnet_cidr": "",
                "subnet_id": "ocid1.subnet.oc1.us-sanjose-1.aaaaaaaase6zzb3cevrdddq7jwfv4mcqpzhcoaycrsm2fdchuhv2d7tvhkea",
                "vlan_id": ""
              }
            ],
            "dedicated_vm_host_id": null,
            "defined_tags": {},
            "display_name": "consulting-mini-cloud",
            "extended_metadata": {},
            "fault_domain": "FAULT-DOMAIN-2",
            "freeform_tags": {
              "managed-by": "terraform",
              "project": "consulting-mini-cloud"
            },
            "hostname_label": "consultvm",
            "id": "ocid1.instance.oc1.us-sanjose-1.anzwuljrovun6tycaspr3rsxivffm4yeperkaoqwyyxuorhmyqzkcs4kq2kq",
            "image": "ocid1.image.oc1.us-sanjose-1.aaaaaaaadoinvlvupq5yn3xstr6szcauoq5el554hid446dxyx3rlfdai53q",
            "instance_configuration_id": null,
            "instance_options": [
              {
                "are_legacy_imds_endpoints_disabled": false
              }
            ],
            "ipxe_script": null,
            "is_ai_enterprise_enabled": null,
            "is_cross_numa_node": false,
            "is_pv_encryption_in_transit_enabled": null,
            "launch_mode": "PARAVIRTUALIZED",
            "launch_options": [
              {
                "boot_volume_type": "PARAVIRTUALIZED",
                "firmware": "UEFI_64",
                "is_consistent_volume_naming_enabled": true,
                "is_pv_encryption_in_transit_enabled": false,
                "network_type": "PARAVIRTUALIZED",
                "remote_data_volume_type": "PARAVIRTUALIZED"
              }
            ],
            "launch_volume_attachments": null,
            "licensing_configs": [],
            "metadata": {
              "ssh_authorized_keys": "ssh-ed25519 AAAAC3NzaC1lZDI1NTE5AAAAIIsyTc2dZO7mNc7tZU7mrA5ZhrE+zwE9XPoRuUpvAqhA oracle-vm-20260301",
              "user_data": "IyEvYmluL2Jhc2gKc2V0IC1ldXhvIHBpcGVmYWlsCgppZiBjb21tYW5kIC12IGRuZiA+L2Rldi9udWxsIDI+JjE7IHRoZW4KICBkbmYgLXkgaW5zdGFsbCBnaXQgfHwgdHJ1ZQpmaQoKaWYgWyAhIC1kIC9vcHQvY29uc3VsdGluZy1taW5pLWNsb3VkLy5naXQgXTsgdGhlbgogIGdpdCBjbG9uZSAtLWJyYW5jaCAnbWFpbicgJ2h0dHBzOi8vZ2l0aHViLmNvbS9TaWx2ZXJCYWNrRG8vY29uc3VsdGluZy1taW5pLWNsb3VkLXBsYXRmb3JtLmdpdCcgL29wdC9jb25zdWx0aW5nLW1pbmktY2xvdWQKZWxzZQogIGdpdCAtQyAvb3B0L2NvbnN1bHRpbmctbWluaS1jbG91ZCBmZXRjaCAtLWFsbCAtLXBydW5lCiAgZ2l0IC1DIC9vcHQvY29uc3VsdGluZy1taW5pLWNsb3VkIGNoZWNrb3V0ICdtYWluJwogIGdpdCAtQyAvb3B0L2NvbnN1bHRpbmctbWluaS1jbG91ZCBwdWxsIC0tZmYtb25seSBvcmlnaW4gJ21haW4nCmZpCgppbnN0YWxsIC1kIC1tIDA3NTUgL3Nydi9wbGF0Zm9ybQpjYXQgPi9zcnYvcGxhdGZvcm0vLmVudiA8PCdFTlZGSUxFJwpMRVRTRU5DUllQVF9FTUFJTD1tdWZhc2Fka0BvdXRsb29rLmNvbQpUUkFFRklLX0RBU0hCT0FSRF9IT1NUPXRyYWVmaWsuYWxjaW5lcy5jb20KVFJBRUZJS19EQVNIQk9BUkRfVVNFUlM9YWRtaW46JDJ5JDA1JFIxU21CTVgyMnlOMWd1L2R3cTBaMHVKZGJVRzRvc3IvTmxmcTVSTDZmNzZzcG8xd1pFc0lTIApUWj1BbWVyaWNhL0xvc19BbmdlbGVzCkJFTExBSEJVUkdFUl9ET01BSU49YmVsbGFoYnVyZ2VyLmNvbQpCRUxMQUhCVVJHRVJfUkVQT19VUkw9aHR0cHM6Ly9naXRodWIuY29tL1NpbHZlckJhY2tEby9iZWxsYWhidXJnZXIuZ2l0CkJFTExBSEJVUkdFUl9SRVBPX0JSQU5DSD1tYWluCkJFTExBSEJVUkdFUl9QVUJMSUNfU1VCRElSPQpERVNJUlNPTFVUSU9OU19ET01BSU49ZGVzaXJzb2x1dGlvbnMuY29tCkRFU0lSU09MVVRJT05TX1JFUE9fVVJMPWh0dHBzOi8vZ2l0aHViLmNvbS9TaWx2ZXJCYWNrRG8vRGVzaXJTb2x1dGlvbnMuY29tLmdpdApERVNJUlNPTFVUSU9OU19SRVBPX0JSQU5DSD1tYWluCkRFU0lSU09MVVRJT05TX1BVQkxJQ19TVUJESVI9CkFMQ0lORVNfRE9NQUlOPWFsY2luZXMuY29tCkVOVkZJTEUKY2htb2QgNjAwIC9zcnYvcGxhdGZvcm0vLmVudgoKY2QgL29wdC9jb25zdWx0aW5nLW1pbmktY2xvdWQKYmFzaCBwbGF0Zm9ybS9zY3JpcHRzL2Jvb3RzdHJhcC1ob3N0LnNoCmJhc2ggcGxhdGZvcm0vc2NyaXB0cy9kZXBsb3ktcGxhdGZvcm0uc2gK"
            },
            "placement_constraint_details": [],
            "platform_config": [],
            "preemptible_instance_config": [],
            "preserve_boot_volume": null,
            "preserve_data_volumes_created_at_launch": null,
            "private_ip": "10.0.1.135",
            "public_ip": "167.234.221.223",
            "region": "us-sanjose-1",
            "security_attributes": {},
            "security_attributes_state": "STABLE",
            "shape": "VM.Standard.E2.1.Micro",
            "shape_config": [
              {
                "baseline_ocpu_utilization": "",
                "gpu_description": "",
                "gpus": 0,
                "local_disk_description": "",
                "local_disks": 0,
                "local_disks_total_size_in_gbs": 0,
                "max_vnic_attachments": 1,
                "memory_in_gbs": 1,
                "networking_bandwidth_in_gbps": 0.5,
                "nvmes": 0,
                "ocpus": 1,
                "processor_description": "2.55 GHz AMD EPYC™ 7J13 (Milan)",
                "resource_management": "",
                "vcpus": 2
              }
            ],
            "source_details": [
              {
                "boot_volume_size_in_gbs": "50",
                "boot_volume_vpus_per_gb": "10",
                "instance_source_image_filter_details": [],
                "is_preserve_boot_volume_enabled": false,
                "kms_key_id": "",
                "source_id": "ocid1.image.oc1.us-sanjose-1.aaaaaaaadoinvlvupq5yn3xstr6szcauoq5el554hid446dxyx3rlfdai53q",
                "source_type": "image"
              }
            ],
            "state": "RUNNING",
            "subnet_id": "ocid1.subnet.oc1.us-sanjose-1.aaaaaaaase6zzb3cevrdddq7jwfv4mcqpzhcoaycrsm2fdchuhv2d7tvhkea",
            "system_tags": {
              "orcl-cloud.free-tier-retained": "true"
            },
            "time_created": "2026-03-10 03:58:17.278 +0000 UTC",
            "time_maintenance_reboot_due": "",
            "timeouts": null,
            "update_operation_constraint": null
          },
          "sensitive_attributes": [],
          "private": "eyJlMmJmYjczMC1lY2FhLTExZTYtOGY4OC0zNDM2M2JjN2M0YzAiOnsiY3JlYXRlIjoyNzAwMDAwMDAwMDAwLCJkZWxldGUiOjQ1MDAwMDAwMDAwMDAsInVwZGF0ZSI6MjcwMDAwMDAwMDAwMH19",
          "dependencies": [
            "data.oci_core_images.oracle_linux_9",
            "data.oci_identity_availability_domains.ads",
            "oci_core_internet_gateway.platform",
            "oci_core_route_table.platform",
            "oci_core_security_list.platform",
            "oci_core_subnet.platform",
            "oci_core_vcn.platform"
          ]
        }
      ]
    },
    {
      "mode": "managed",
      "type": "oci_core_internet_gateway",
      "name": "platform",
      "provider": "provider[\"registry.terraform.io/oracle/oci\"]",
      "instances": [
        {
          "index_key": 0,
          "schema_version": 0,
          "attributes": {
            "compartment_id": "ocid1.tenancy.oc1..aaaaaaaas2bpuzbaz7rkzjvt2vanbieo4vvjqzbkx3grn2ckoz652gjzdguq",
            "defined_tags": {},
            "display_name": "consulting-mini-cloud-igw",
            "enabled": true,
            "freeform_tags": {
              "managed-by": "terraform",
              "project": "consulting-mini-cloud"
            },
            "id": "ocid1.internetgateway.oc1.us-sanjose-1.aaaaaaaahtrnguikhssyaaefhb2yv47cci53nuif6cdf6irlbzvtqokvbwba",
            "route_table_id": null,
            "state": "AVAILABLE",
            "time_created": "2026-03-10 03:58:13.196 +0000 UTC",
            "timeouts": null,
            "vcn_id": "ocid1.vcn.oc1.us-sanjose-1.amaaaaaaovun6tyavakuz7tzuhuysks4ydglv7rrwgsjanh7exwypg7tyxya"
          },
          "sensitive_attributes": [],
          "private": "eyJlMmJmYjczMC1lY2FhLTExZTYtOGY4OC0zNDM2M2JjN2M0YzAiOnsiY3JlYXRlIjoxMjAwMDAwMDAwMDAwLCJkZWxldGUiOjEyMDAwMDAwMDAwMDAsInVwZGF0ZSI6MTIwMDAwMDAwMDAwMH19",
          "dependencies": [
            "oci_core_vcn.platform"
          ]
        }
      ]
    },
    {
      "mode": "managed",
      "type": "oci_core_route_table",
      "name": "platform",
      "provider": "provider[\"registry.terraform.io/oracle/oci\"]",
      "instances": [
        {
          "index_key": 0,
          "schema_version": 0,
          "attributes": {
            "compartment_id": "ocid1.tenancy.oc1..aaaaaaaas2bpuzbaz7rkzjvt2vanbieo4vvjqzbkx3grn2ckoz652gjzdguq",
            "defined_tags": {},
            "display_name": "consulting-mini-cloud-rt",
            "freeform_tags": {
              "managed-by": "terraform",
              "project": "consulting-mini-cloud"
            },
            "id": "ocid1.routetable.oc1.us-sanjose-1.aaaaaaaaph5ntlbldbx2ecyyzfdesjiolsq6qsrzyrssrrd5qokm75d75fhq",
            "route_rules": [
              {
                "cidr_block": "",
                "description": "",
                "destination": "0.0.0.0/0",
                "destination_type": "CIDR_BLOCK",
                "network_entity_id": "ocid1.internetgateway.oc1.us-sanjose-1.aaaaaaaahtrnguikhssyaaefhb2yv47cci53nuif6cdf6irlbzvtqokvbwba",
                "route_type": "STATIC"
              }
            ],
            "state": "AVAILABLE",
            "time_created": "2026-03-10 03:58:13.714 +0000 UTC",
            "timeouts": null,
            "vcn_id": "ocid1.vcn.oc1.us-sanjose-1.amaaaaaaovun6tyavakuz7tzuhuysks4ydglv7rrwgsjanh7exwypg7tyxya"
          },
          "sensitive_attributes": [],
          "private": "eyJlMmJmYjczMC1lY2FhLTExZTYtOGY4OC0zNDM2M2JjN2M0YzAiOnsiY3JlYXRlIjoxMjAwMDAwMDAwMDAwLCJkZWxldGUiOjEyMDAwMDAwMDAwMDAsInVwZGF0ZSI6MTIwMDAwMDAwMDAwMH19",
          "dependencies": [
            "oci_core_internet_gateway.platform",
            "oci_core_vcn.platform"
          ]
        }
      ]
    },
    {
      "mode": "managed",
      "type": "oci_core_security_list",
      "name": "platform",
      "provider": "provider[\"registry.terraform.io/oracle/oci\"]",
      "instances": [
        {
          "index_key": 0,
          "schema_version": 0,
          "attributes": {
            "compartment_id": "ocid1.tenancy.oc1..aaaaaaaas2bpuzbaz7rkzjvt2vanbieo4vvjqzbkx3grn2ckoz652gjzdguq",
            "defined_tags": {},
            "display_name": "consulting-mini-cloud-sl",
            "egress_security_rules": [
              {
                "description": "Allow all outbound traffic",
                "destination": "0.0.0.0/0",
                "destination_type": "CIDR_BLOCK",
                "icmp_options": [],
                "protocol": "all",
                "stateless": false,
                "tcp_options": [],
                "udp_options": []
              }
            ],
            "freeform_tags": {
              "managed-by": "terraform",
              "project": "consulting-mini-cloud"
            },
            "id": "ocid1.securitylist.oc1.us-sanjose-1.aaaaaaaau7mdopeoe7n4jg4bhxvae4ef2mgcqnssra6yskckqiqiro4e5xia",
            "ingress_security_rules": [
              {
                "description": "Allow HTTP",
                "icmp_options": [],
                "protocol": "6",
                "source": "0.0.0.0/0",
                "source_type": "CIDR_BLOCK",
                "stateless": false,
                "tcp_options": [
                  {
                    "max": 80,
                    "min": 80,
                    "source_port_range": []
                  }
                ],
                "udp_options": []
              },
              {
                "description": "Allow HTTPS",
                "icmp_options": [],
                "protocol": "6",
                "source": "0.0.0.0/0",
                "source_type": "CIDR_BLOCK",
                "stateless": false,
                "tcp_options": [
                  {
                    "max": 443,
                    "min": 443,
                    "source_port_range": []
                  }
                ],
                "udp_options": []
              },
              {
                "description": "Allow SSH",
                "icmp_options": [],
                "protocol": "6",
                "source": "0.0.0.0/0",
                "source_type": "CIDR_BLOCK",
                "stateless": false,
                "tcp_options": [
                  {
                    "max": 22,
                    "min": 22,
                    "source_port_range": []
                  }
                ],
                "udp_options": []
              }
            ],
            "state": "AVAILABLE",
            "time_created": "2026-03-10 03:58:13.336 +0000 UTC",
            "timeouts": null,
            "vcn_id": "ocid1.vcn.oc1.us-sanjose-1.amaaaaaaovun6tyavakuz7tzuhuysks4ydglv7rrwgsjanh7exwypg7tyxya"
          },
          "sensitive_attributes": [],
          "private": "eyJlMmJmYjczMC1lY2FhLTExZTYtOGY4OC0zNDM2M2JjN2M0YzAiOnsiY3JlYXRlIjoxMjAwMDAwMDAwMDAwLCJkZWxldGUiOjEyMDAwMDAwMDAwMDAsInVwZGF0ZSI6MTIwMDAwMDAwMDAwMH19",
          "dependencies": [
            "oci_core_vcn.platform"
          ]
        }
      ]
    },
    {
      "mode": "managed",
      "type": "oci_core_subnet",
      "name": "platform",
      "provider": "provider[\"registry.terraform.io/oracle/oci\"]",
      "instances": [
        {
          "index_key": 0,
          "schema_version": 0,
          "attributes": {
            "availability_domain": null,
            "cidr_block": "10.0.1.0/24",
            "compartment_id": "ocid1.tenancy.oc1..aaaaaaaas2bpuzbaz7rkzjvt2vanbieo4vvjqzbkx3grn2ckoz652gjzdguq",
            "defined_tags": {},
            "dhcp_options_id": "ocid1.dhcpoptions.oc1.us-sanjose-1.aaaaaaaazuwbqx7o2sp3ksn6wwfjeij7bdmlnw7dtl52aux24id33cq475vq",
            "display_name": "consulting-mini-cloud-public-subnet",
            "dns_label": "publicsn",
            "freeform_tags": {
              "managed-by": "terraform",
              "project": "consulting-mini-cloud"
            },
            "id": "ocid1.subnet.oc1.us-sanjose-1.aaaaaaaase6zzb3cevrdddq7jwfv4mcqpzhcoaycrsm2fdchuhv2d7tvhkea",
            "ipv4cidr_blocks": [
              "10.0.1.0/24"
            ],
            "ipv6cidr_block": null,
            "ipv6cidr_blocks": [],
            "ipv6virtual_router_ip": null,
            "prohibit_internet_ingress": false,
            "prohibit_public_ip_on_vnic": false,
            "route_table_id": "ocid1.routetable.oc1.us-sanjose-1.aaaaaaaaph5ntlbldbx2ecyyzfdesjiolsq6qsrzyrssrrd5qokm75d75fhq",
            "security_list_ids": [
              "ocid1.securitylist.oc1.us-sanjose-1.aaaaaaaau7mdopeoe7n4jg4bhxvae4ef2mgcqnssra6yskckqiqiro4e5xia"
            ],
            "state": "AVAILABLE",
            "subnet_domain_name": "publicsn.consultnet.oraclevcn.com",
            "time_created": "2026-03-10 03:58:14.171 +0000 UTC",
            "timeouts": null,
            "vcn_id": "ocid1.vcn.oc1.us-sanjose-1.amaaaaaaovun6tyavakuz7tzuhuysks4ydglv7rrwgsjanh7exwypg7tyxya",
            "virtual_router_ip": "10.0.1.1",
            "virtual_router_mac": "00:00:17:A9:ED:B6"
          },
          "sensitive_attributes": [],
          "private": "eyJlMmJmYjczMC1lY2FhLTExZTYtOGY4OC0zNDM2M2JjN2M0YzAiOnsiY3JlYXRlIjoxMjAwMDAwMDAwMDAwLCJkZWxldGUiOjEyMDAwMDAwMDAwMDAsInVwZGF0ZSI6MTIwMDAwMDAwMDAwMH19",
          "dependencies": [
            "oci_core_internet_gateway.platform",
            "oci_core_route_table.platform",
            "oci_core_security_list.platform",
            "oci_core_vcn.platform"
          ]
        }
      ]
    },
    {
      "mode": "managed",
      "type": "oci_core_vcn",
      "name": "platform",
      "provider": "provider[\"registry.terraform.io/oracle/oci\"]",
      "instances": [
        {
          "index_key": 0,
          "schema_version": 0,
          "attributes": {
            "byoipv6cidr_blocks": [],
            "byoipv6cidr_details": null,
            "cidr_block": "10.0.0.0/16",
            "cidr_blocks": [
              "10.0.0.0/16"
            ],
            "compartment_id": "ocid1.tenancy.oc1..aaaaaaaas2bpuzbaz7rkzjvt2vanbieo4vvjqzbkx3grn2ckoz652gjzdguq",
            "default_dhcp_options_id": "ocid1.dhcpoptions.oc1.us-sanjose-1.aaaaaaaazuwbqx7o2sp3ksn6wwfjeij7bdmlnw7dtl52aux24id33cq475vq",
            "default_route_table_id": "ocid1.routetable.oc1.us-sanjose-1.aaaaaaaavxlprxv34sai7cv2jppu2wlqpvt345ilkq4vrxcqhhfbmlltfkfq",
            "default_security_list_id": "ocid1.securitylist.oc1.us-sanjose-1.aaaaaaaadld2lvc3ffiwqxcp4io5vyoqj4vgllkmuz7ir7pjg3lp2p5fcxsq",
            "defined_tags": {},
            "display_name": "consulting-mini-cloud-vcn",
            "dns_label": "consultnet",
            "freeform_tags": {
              "managed-by": "terraform",
              "project": "consulting-mini-cloud"
            },
            "id": "ocid1.vcn.oc1.us-sanjose-1.amaaaaaaovun6tyavakuz7tzuhuysks4ydglv7rrwgsjanh7exwypg7tyxya",
            "ipv6cidr_blocks": [],
            "ipv6private_cidr_blocks": [],
            "is_ipv6enabled": false,
            "is_oracle_gua_allocation_enabled": null,
            "security_attributes": {},
            "state": "AVAILABLE",
            "time_created": "2026-03-10 03:58:12.608 +0000 UTC",
            "timeouts": null,
            "vcn_domain_name": "consultnet.oraclevcn.com"
          },
          "sensitive_attributes": [],
          "private": "eyJlMmJmYjczMC1lY2FhLTExZTYtOGY4OC0zNDM2M2JjN2M0YzAiOnsiY3JlYXRlIjoxMjAwMDAwMDAwMDAwLCJkZWxldGUiOjEyMDAwMDAwMDAwMDAsInVwZGF0ZSI6MTIwMDAwMDAwMDAwMH19"
        }
      ]
    }
  ],
  "check_results": null
}
